
Microsoft Visual Studio Solution File, Format Version 12.00
# Visual Studio Version 17
VisualStudioVersion = 17.0.31912.275
MinimumVisualStudioVersion = 10.0.40219.1
Project("{9A19103F-16F7-4668-BE54-9A1E7A4F7556}") = "AOC2020", "2020\AOC2020.csproj", "{2008FC93-54FB-47F0-8D49-467EC6BC3FA2}"
EndProject
Project("{9A19103F-16F7-4668-BE54-9A1E7A4F7556}") = "AOCTest", "AOCTest\AOCTest.csproj", "{1B780266-90A2-489B-9834-E2118A04F53A}"
EndProject
Project("{9A19103F-16F7-4668-BE54-9A1E7A4F7556}") = "2015", "2015\2015.csproj", "{A7A4537E-36C1-4EFB-9D49-100AF54BA6CD}"
EndProject
Project("{FAE04EC0-301F-11D3-BF4B-00C04F79EFBC}") = "Visualizations", "Visualizations\Visualizations.csproj", "{5E736F81-4E1A-4734-B87C-DF9B522DD804}"
EndProject
Project("{2150E333-8FDC-42A3-9474-1A3956D46DE8}") = "Solution Items", "Solution Items", "{D9032CFE-FCD6-46B6-A003-BE56960513F8}"
	ProjectSection(SolutionItems) = preProject
		README.md = README.md
	EndProjectSection
EndProject
Project("{2150E333-8FDC-42A3-9474-1A3956D46DE8}") = "2021", "2021", "{412AF969-C7B8-4668-8828-44B38A3E4991}"
	ProjectSection(SolutionItems) = preProject
		2021\bake.bat = 2021\bake.bat
	EndProjectSection
EndProject
Project("{9A19103F-16F7-4668-BE54-9A1E7A4F7556}") = "AOC2021.Test", "2021\AOC.2021.Test\AOC2021.Test.csproj", "{C1142D64-E598-487C-98EE-7AE44EEFBAAF}"
EndProject
Project("{9A19103F-16F7-4668-BE54-9A1E7A4F7556}") = "ChristmasGifts", "ChristmasGifts\ChristmasGifts.csproj", "{8F44B3D7-336B-403A-96E5-7E1488614AAE}"
EndProject
Project("{9A19103F-16F7-4668-BE54-9A1E7A4F7556}") = "Day02", "2021\Day02\Day02.csproj", "{DA53390A-4AC0-4A0D-B951-3C5C8D621B84}"
EndProject
Project("{9A19103F-16F7-4668-BE54-9A1E7A4F7556}") = "Day01", "2021\Day01\Day01.csproj", "{88EB1DEB-50D8-483B-89CC-0D1F5B473E58}"
EndProject
Project("{9A19103F-16F7-4668-BE54-9A1E7A4F7556}") = "Day03", "2021\Day03\Day03.csproj", "{A3E2BEA5-A400-4A7E-A0CC-6E73D7CF8210}"
EndProject
Project("{9A19103F-16F7-4668-BE54-9A1E7A4F7556}") = "Day04", "2021\Day04\Day04.csproj", "{91A151D9-064E-430A-AFCC-FAEE7483934F}"
EndProject
Project("{9A19103F-16F7-4668-BE54-9A1E7A4F7556}") = "Day05", "2021\Day05\Day05.csproj", "{FA32B987-1540-4356-BCD3-6F2037AB557F}"
EndProject
Project("{9A19103F-16F7-4668-BE54-9A1E7A4F7556}") = "Day06", "2021\Day06\Day06.csproj", "{DA3363D5-6007-40AB-A91C-ADA15845D4C2}"
EndProject
Project("{9A19103F-16F7-4668-BE54-9A1E7A4F7556}") = "Day07", "2021\Day07\Day07.csproj", "{32240260-C319-40FD-9F65-5638323885DE}"
EndProject
Project("{9A19103F-16F7-4668-BE54-9A1E7A4F7556}") = "Day08", "2021\Day08\Day08.csproj", "{278B937B-E257-4F96-9538-0FB3E4BE8FB3}"
EndProject
Project("{9A19103F-16F7-4668-BE54-9A1E7A4F7556}") = "Day09", "2021\Day09\Day09.csproj", "{C2CA3DBC-4B17-4C14-9365-B54D55FD4C3F}"
EndProject
Project("{9A19103F-16F7-4668-BE54-9A1E7A4F7556}") = "Day10", "2021\Day10\Day10.csproj", "{49BA635A-ECA3-407F-A9C3-C5A6A7C6CFBD}"
EndProject
Project("{9A19103F-16F7-4668-BE54-9A1E7A4F7556}") = "Day11", "2021\Day11\Day11.csproj", "{9B93C461-F2D3-4626-B473-8CBF43E03EA1}"
EndProject
Project("{9A19103F-16F7-4668-BE54-9A1E7A4F7556}") = "Day12", "2021\Day12\Day12.csproj", "{D041C36F-F8E4-462A-840B-899BA05A8433}"
EndProject
Project("{9A19103F-16F7-4668-BE54-9A1E7A4F7556}") = "Day13", "2021\Day13\Day13.csproj", "{EA722D34-D0A4-4999-980C-4090782B8F68}"
EndProject
Project("{9A19103F-16F7-4668-BE54-9A1E7A4F7556}") = "Day14", "2021\Day14\Day14.csproj", "{E14C2DEF-08B6-4CCC-BA0E-CF5993A0C3FB}"
EndProject
Project("{9A19103F-16F7-4668-BE54-9A1E7A4F7556}") = "Day15", "2021\Day15\Day15.csproj", "{CB20E035-7CCE-4D29-85FA-CCBF8A4BDDD7}"
EndProject
Project("{9A19103F-16F7-4668-BE54-9A1E7A4F7556}") = "Day16", "2021\Day16\Day16.csproj", "{0AE65045-9E8D-419D-8909-80A5E217883A}"
EndProject
Project("{9A19103F-16F7-4668-BE54-9A1E7A4F7556}") = "Day17", "2021\Day17\Day17.csproj", "{BE0BA2E1-8FDB-412E-AEFD-41D1B93519A3}"
EndProject
Project("{2150E333-8FDC-42A3-9474-1A3956D46DE8}") = "2022", "2022", "{2C65661B-7D67-4300-9766-E73EAB212839}"
EndProject
Project("{9A19103F-16F7-4668-BE54-9A1E7A4F7556}") = "Day01", "2022\Day01\Day01.csproj", "{7CFB6FC7-EB8C-4AE5-A8CC-284A97842732}"
EndProject
Project("{9A19103F-16F7-4668-BE54-9A1E7A4F7556}") = "Day02", "2022\Day02\Day02.csproj", "{B38152A3-3505-4115-AB66-AE020C53D6C8}"
EndProject
Project("{9A19103F-16F7-4668-BE54-9A1E7A4F7556}") = "Day03", "2022\Day03\Day03.csproj", "{A99D8D8D-0625-4081-A30B-3594F5FD6BB0}"
EndProject
Project("{9A19103F-16F7-4668-BE54-9A1E7A4F7556}") = "2022Tests", "2022\2022Tests\2022Tests.csproj", "{9F0179A1-D52F-4EC9-A938-D8DEC22BED2B}"
EndProject
Project("{9A19103F-16F7-4668-BE54-9A1E7A4F7556}") = "Day04", "2022\Day04\Day04.csproj", "{1A9A2BE2-854F-4EFD-AF79-9DA6CF0F6464}"
EndProject
Project("{9A19103F-16F7-4668-BE54-9A1E7A4F7556}") = "Day05", "2022\Day05\Day05.csproj", "{FD76A11F-C315-4114-B835-6B96F89D360F}"
EndProject
Project("{9A19103F-16F7-4668-BE54-9A1E7A4F7556}") = "Day06", "2022\Day06\Day06.csproj", "{29F91181-CCC2-4FCD-B693-4E2BF3A0724D}"
EndProject
Project("{9A19103F-16F7-4668-BE54-9A1E7A4F7556}") = "Day07", "2022\Day07\Day07.csproj", "{B510A560-6D68-4525-A384-0067F3CC8557}"
EndProject
Project("{9A19103F-16F7-4668-BE54-9A1E7A4F7556}") = "Day08", "2022\Day08\Day08.csproj", "{AB49D8D9-9C4D-4E74-9E6C-3C8FD19953B2}"
EndProject
Project("{9A19103F-16F7-4668-BE54-9A1E7A4F7556}") = "Day09", "2022\Day09\Day09.csproj", "{CD0413DA-0ADC-4BF3-9C4E-1540B6E03EBA}"
EndProject
Project("{9A19103F-16F7-4668-BE54-9A1E7A4F7556}") = "Day10", "2022\Day10\Day10.csproj", "{57E5FBC6-6F47-4595-A1BE-A40DDAA09FA1}"
EndProject
Project("{9A19103F-16F7-4668-BE54-9A1E7A4F7556}") = "Day11", "2022\Day11\Day11.csproj", "{ED99379E-3C90-48DB-AAE8-9996466E0106}"
EndProject
Project("{9A19103F-16F7-4668-BE54-9A1E7A4F7556}") = "Day12", "2022\Day12\Day12.csproj", "{B44164A2-6D45-4F58-9EA4-405DA7644009}"
EndProject
Project("{9A19103F-16F7-4668-BE54-9A1E7A4F7556}") = "Day13", "2022\Day13\Day13.csproj", "{8E018AB1-D233-4FE8-ACFB-8BE34DB1531C}"
EndProject
Project("{2150E333-8FDC-42A3-9474-1A3956D46DE8}") = "2023", "2023", "{C43177A2-3EA0-4DFA-ADB5-AFDCD6B65130}"
EndProject
Project("{9A19103F-16F7-4668-BE54-9A1E7A4F7556}") = "Tests", "2023\Tests\Tests.csproj", "{AE4EBD07-5658-402B-82A6-3CD57DD2BEE8}"
EndProject
Project("{9A19103F-16F7-4668-BE54-9A1E7A4F7556}") = "Day01", "2023\Day01\Day01.csproj", "{6B08B472-5C34-4C28-93DE-E2E68DD01EBD}"
EndProject
Project("{9A19103F-16F7-4668-BE54-9A1E7A4F7556}") = "Day02", "2023\Day02\Day02.csproj", "{6614CC51-813B-4027-9502-4B782296C760}"
EndProject
Project("{9A19103F-16F7-4668-BE54-9A1E7A4F7556}") = "Day03", "2023\Day03\Day03.csproj", "{3CFB7119-BA1A-49E1-8902-5D3F1FC31E7F}"
EndProject
Project("{9A19103F-16F7-4668-BE54-9A1E7A4F7556}") = "Day04", "2023\Day04\Day04.csproj", "{FB500244-FFBA-4553-8F6F-A040DAEC9B98}"
EndProject
Project("{9A19103F-16F7-4668-BE54-9A1E7A4F7556}") = "Day05", "2023\Day05\Day05.csproj", "{648F1758-0270-456C-ABFB-D2EC851E76FA}"
EndProject
Project("{9A19103F-16F7-4668-BE54-9A1E7A4F7556}") = "Day06", "2023\Day06\Day06.csproj", "{99BF5EC9-42B6-48A1-989B-10358A94500B}"
EndProject
Project("{9A19103F-16F7-4668-BE54-9A1E7A4F7556}") = "Day07", "2023\Day07\Day07.csproj", "{3C453276-043E-4827-BEF0-7D0EC5053E6D}"
EndProject
Project("{9A19103F-16F7-4668-BE54-9A1E7A4F7556}") = "Day08", "2023\Day08\Day08.csproj", "{C5EBAA1C-EE53-448B-9D4A-F960C16507F5}"
EndProject
Project("{9A19103F-16F7-4668-BE54-9A1E7A4F7556}") = "Day09", "2023\Day09\Day09.csproj", "{F71D3E6A-79B3-408E-9700-04FA67D0B5ED}"
EndProject
Project("{9A19103F-16F7-4668-BE54-9A1E7A4F7556}") = "Day10", "2023\Day10\Day10.csproj", "{8F658612-7806-4EDF-B09C-33E6DBC673AE}"
EndProject
Project("{9A19103F-16F7-4668-BE54-9A1E7A4F7556}") = "Day11", "2023\Day11\Day11.csproj", "{D82F00F2-70F8-4160-9592-C6D46E570A5C}"
EndProject
Project("{2150E333-8FDC-42A3-9474-1A3956D46DE8}") = "2024", "2024", "{0A377E3C-48A8-4734-92F8-FEDB86FC1D8D}"
EndProject
Project("{9A19103F-16F7-4668-BE54-9A1E7A4F7556}") = "Tests", "2024\Tests\Tests.csproj", "{ADB1B358-3702-4C82-AD6A-60005CD611EE}"
EndProject
Project("{9A19103F-16F7-4668-BE54-9A1E7A4F7556}") = "Day01", "2024\Day01\Day01.csproj", "{0AC6E944-F213-40C9-97CB-D8D2F76CF832}"
EndProject
Project("{9A19103F-16F7-4668-BE54-9A1E7A4F7556}") = "Day02", "2024\Day02\Day02.csproj", "{1CCFEF99-D7B5-44FE-988A-DA116D425E7C}"
EndProject
Project("{9A19103F-16F7-4668-BE54-9A1E7A4F7556}") = "Day03", "2024\Day03\Day03.csproj", "{3BAC961F-EE9C-4CEB-8A4D-EB2A13EDE0F4}"
EndProject
Project("{9A19103F-16F7-4668-BE54-9A1E7A4F7556}") = "Day04", "2024\Day04\Day04.csproj", "{0B829DC6-6404-4E07-8FC3-504076ACB425}"
EndProject
Global
	GlobalSection(SolutionConfigurationPlatforms) = preSolution
		Debug|Any CPU = Debug|Any CPU
		Release|Any CPU = Release|Any CPU
	EndGlobalSection
	GlobalSection(ProjectConfigurationPlatforms) = postSolution
		{2008FC93-54FB-47F0-8D49-467EC6BC3FA2}.Debug|Any CPU.ActiveCfg = Debug|Any CPU
		{2008FC93-54FB-47F0-8D49-467EC6BC3FA2}.Debug|Any CPU.Build.0 = Debug|Any CPU
		{2008FC93-54FB-47F0-8D49-467EC6BC3FA2}.Release|Any CPU.ActiveCfg = Release|Any CPU
		{2008FC93-54FB-47F0-8D49-467EC6BC3FA2}.Release|Any CPU.Build.0 = Release|Any CPU
		{1B780266-90A2-489B-9834-E2118A04F53A}.Debug|Any CPU.ActiveCfg = Debug|Any CPU
		{1B780266-90A2-489B-9834-E2118A04F53A}.Debug|Any CPU.Build.0 = Debug|Any CPU
		{1B780266-90A2-489B-9834-E2118A04F53A}.Release|Any CPU.ActiveCfg = Release|Any CPU
		{1B780266-90A2-489B-9834-E2118A04F53A}.Release|Any CPU.Build.0 = Release|Any CPU
		{A7A4537E-36C1-4EFB-9D49-100AF54BA6CD}.Debug|Any CPU.ActiveCfg = Debug|Any CPU
		{A7A4537E-36C1-4EFB-9D49-100AF54BA6CD}.Debug|Any CPU.Build.0 = Debug|Any CPU
		{A7A4537E-36C1-4EFB-9D49-100AF54BA6CD}.Release|Any CPU.ActiveCfg = Release|Any CPU
		{A7A4537E-36C1-4EFB-9D49-100AF54BA6CD}.Release|Any CPU.Build.0 = Release|Any CPU
		{5E736F81-4E1A-4734-B87C-DF9B522DD804}.Debug|Any CPU.ActiveCfg = Debug|Any CPU
		{5E736F81-4E1A-4734-B87C-DF9B522DD804}.Debug|Any CPU.Build.0 = Debug|Any CPU
		{5E736F81-4E1A-4734-B87C-DF9B522DD804}.Release|Any CPU.ActiveCfg = Release|Any CPU
		{5E736F81-4E1A-4734-B87C-DF9B522DD804}.Release|Any CPU.Build.0 = Release|Any CPU
		{C1142D64-E598-487C-98EE-7AE44EEFBAAF}.Debug|Any CPU.ActiveCfg = Debug|Any CPU
		{C1142D64-E598-487C-98EE-7AE44EEFBAAF}.Debug|Any CPU.Build.0 = Debug|Any CPU
		{C1142D64-E598-487C-98EE-7AE44EEFBAAF}.Release|Any CPU.ActiveCfg = Release|Any CPU
		{C1142D64-E598-487C-98EE-7AE44EEFBAAF}.Release|Any CPU.Build.0 = Release|Any CPU
		{8F44B3D7-336B-403A-96E5-7E1488614AAE}.Debug|Any CPU.ActiveCfg = Debug|Any CPU
		{8F44B3D7-336B-403A-96E5-7E1488614AAE}.Debug|Any CPU.Build.0 = Debug|Any CPU
		{8F44B3D7-336B-403A-96E5-7E1488614AAE}.Release|Any CPU.ActiveCfg = Release|Any CPU
		{8F44B3D7-336B-403A-96E5-7E1488614AAE}.Release|Any CPU.Build.0 = Release|Any CPU
		{DA53390A-4AC0-4A0D-B951-3C5C8D621B84}.Debug|Any CPU.ActiveCfg = Debug|Any CPU
		{DA53390A-4AC0-4A0D-B951-3C5C8D621B84}.Debug|Any CPU.Build.0 = Debug|Any CPU
		{DA53390A-4AC0-4A0D-B951-3C5C8D621B84}.Release|Any CPU.ActiveCfg = Release|Any CPU
		{DA53390A-4AC0-4A0D-B951-3C5C8D621B84}.Release|Any CPU.Build.0 = Release|Any CPU
		{88EB1DEB-50D8-483B-89CC-0D1F5B473E58}.Debug|Any CPU.ActiveCfg = Debug|Any CPU
		{88EB1DEB-50D8-483B-89CC-0D1F5B473E58}.Debug|Any CPU.Build.0 = Debug|Any CPU
		{88EB1DEB-50D8-483B-89CC-0D1F5B473E58}.Release|Any CPU.ActiveCfg = Release|Any CPU
		{88EB1DEB-50D8-483B-89CC-0D1F5B473E58}.Release|Any CPU.Build.0 = Release|Any CPU
		{A3E2BEA5-A400-4A7E-A0CC-6E73D7CF8210}.Debug|Any CPU.ActiveCfg = Debug|Any CPU
		{A3E2BEA5-A400-4A7E-A0CC-6E73D7CF8210}.Debug|Any CPU.Build.0 = Debug|Any CPU
		{A3E2BEA5-A400-4A7E-A0CC-6E73D7CF8210}.Release|Any CPU.ActiveCfg = Release|Any CPU
		{A3E2BEA5-A400-4A7E-A0CC-6E73D7CF8210}.Release|Any CPU.Build.0 = Release|Any CPU
		{91A151D9-064E-430A-AFCC-FAEE7483934F}.Debug|Any CPU.ActiveCfg = Debug|Any CPU
		{91A151D9-064E-430A-AFCC-FAEE7483934F}.Debug|Any CPU.Build.0 = Debug|Any CPU
		{91A151D9-064E-430A-AFCC-FAEE7483934F}.Release|Any CPU.ActiveCfg = Release|Any CPU
		{91A151D9-064E-430A-AFCC-FAEE7483934F}.Release|Any CPU.Build.0 = Release|Any CPU
		{FA32B987-1540-4356-BCD3-6F2037AB557F}.Debug|Any CPU.ActiveCfg = Debug|Any CPU
		{FA32B987-1540-4356-BCD3-6F2037AB557F}.Debug|Any CPU.Build.0 = Debug|Any CPU
		{FA32B987-1540-4356-BCD3-6F2037AB557F}.Release|Any CPU.ActiveCfg = Release|Any CPU
		{FA32B987-1540-4356-BCD3-6F2037AB557F}.Release|Any CPU.Build.0 = Release|Any CPU
		{DA3363D5-6007-40AB-A91C-ADA15845D4C2}.Debug|Any CPU.ActiveCfg = Debug|Any CPU
		{DA3363D5-6007-40AB-A91C-ADA15845D4C2}.Debug|Any CPU.Build.0 = Debug|Any CPU
		{DA3363D5-6007-40AB-A91C-ADA15845D4C2}.Release|Any CPU.ActiveCfg = Release|Any CPU
		{DA3363D5-6007-40AB-A91C-ADA15845D4C2}.Release|Any CPU.Build.0 = Release|Any CPU
		{32240260-C319-40FD-9F65-5638323885DE}.Debug|Any CPU.ActiveCfg = Debug|Any CPU
		{32240260-C319-40FD-9F65-5638323885DE}.Debug|Any CPU.Build.0 = Debug|Any CPU
		{32240260-C319-40FD-9F65-5638323885DE}.Release|Any CPU.ActiveCfg = Release|Any CPU
		{32240260-C319-40FD-9F65-5638323885DE}.Release|Any CPU.Build.0 = Release|Any CPU
		{278B937B-E257-4F96-9538-0FB3E4BE8FB3}.Debug|Any CPU.ActiveCfg = Debug|Any CPU
		{278B937B-E257-4F96-9538-0FB3E4BE8FB3}.Debug|Any CPU.Build.0 = Debug|Any CPU
		{278B937B-E257-4F96-9538-0FB3E4BE8FB3}.Release|Any CPU.ActiveCfg = Release|Any CPU
		{278B937B-E257-4F96-9538-0FB3E4BE8FB3}.Release|Any CPU.Build.0 = Release|Any CPU
		{C2CA3DBC-4B17-4C14-9365-B54D55FD4C3F}.Debug|Any CPU.ActiveCfg = Debug|Any CPU
		{C2CA3DBC-4B17-4C14-9365-B54D55FD4C3F}.Debug|Any CPU.Build.0 = Debug|Any CPU
		{C2CA3DBC-4B17-4C14-9365-B54D55FD4C3F}.Release|Any CPU.ActiveCfg = Release|Any CPU
		{C2CA3DBC-4B17-4C14-9365-B54D55FD4C3F}.Release|Any CPU.Build.0 = Release|Any CPU
		{49BA635A-ECA3-407F-A9C3-C5A6A7C6CFBD}.Debug|Any CPU.ActiveCfg = Debug|Any CPU
		{49BA635A-ECA3-407F-A9C3-C5A6A7C6CFBD}.Debug|Any CPU.Build.0 = Debug|Any CPU
		{49BA635A-ECA3-407F-A9C3-C5A6A7C6CFBD}.Release|Any CPU.ActiveCfg = Release|Any CPU
		{49BA635A-ECA3-407F-A9C3-C5A6A7C6CFBD}.Release|Any CPU.Build.0 = Release|Any CPU
		{9B93C461-F2D3-4626-B473-8CBF43E03EA1}.Debug|Any CPU.ActiveCfg = Debug|Any CPU
		{9B93C461-F2D3-4626-B473-8CBF43E03EA1}.Debug|Any CPU.Build.0 = Debug|Any CPU
		{9B93C461-F2D3-4626-B473-8CBF43E03EA1}.Release|Any CPU.ActiveCfg = Release|Any CPU
		{9B93C461-F2D3-4626-B473-8CBF43E03EA1}.Release|Any CPU.Build.0 = Release|Any CPU
		{D041C36F-F8E4-462A-840B-899BA05A8433}.Debug|Any CPU.ActiveCfg = Debug|Any CPU
		{D041C36F-F8E4-462A-840B-899BA05A8433}.Debug|Any CPU.Build.0 = Debug|Any CPU
		{D041C36F-F8E4-462A-840B-899BA05A8433}.Release|Any CPU.ActiveCfg = Release|Any CPU
		{D041C36F-F8E4-462A-840B-899BA05A8433}.Release|Any CPU.Build.0 = Release|Any CPU
		{EA722D34-D0A4-4999-980C-4090782B8F68}.Debug|Any CPU.ActiveCfg = Debug|Any CPU
		{EA722D34-D0A4-4999-980C-4090782B8F68}.Debug|Any CPU.Build.0 = Debug|Any CPU
		{EA722D34-D0A4-4999-980C-4090782B8F68}.Release|Any CPU.ActiveCfg = Release|Any CPU
		{EA722D34-D0A4-4999-980C-4090782B8F68}.Release|Any CPU.Build.0 = Release|Any CPU
		{E14C2DEF-08B6-4CCC-BA0E-CF5993A0C3FB}.Debug|Any CPU.ActiveCfg = Debug|Any CPU
		{E14C2DEF-08B6-4CCC-BA0E-CF5993A0C3FB}.Debug|Any CPU.Build.0 = Debug|Any CPU
		{E14C2DEF-08B6-4CCC-BA0E-CF5993A0C3FB}.Release|Any CPU.ActiveCfg = Release|Any CPU
		{E14C2DEF-08B6-4CCC-BA0E-CF5993A0C3FB}.Release|Any CPU.Build.0 = Release|Any CPU
		{CB20E035-7CCE-4D29-85FA-CCBF8A4BDDD7}.Debug|Any CPU.ActiveCfg = Debug|Any CPU
		{CB20E035-7CCE-4D29-85FA-CCBF8A4BDDD7}.Debug|Any CPU.Build.0 = Debug|Any CPU
		{CB20E035-7CCE-4D29-85FA-CCBF8A4BDDD7}.Release|Any CPU.ActiveCfg = Release|Any CPU
		{CB20E035-7CCE-4D29-85FA-CCBF8A4BDDD7}.Release|Any CPU.Build.0 = Release|Any CPU
		{0AE65045-9E8D-419D-8909-80A5E217883A}.Debug|Any CPU.ActiveCfg = Debug|Any CPU
		{0AE65045-9E8D-419D-8909-80A5E217883A}.Debug|Any CPU.Build.0 = Debug|Any CPU
		{0AE65045-9E8D-419D-8909-80A5E217883A}.Release|Any CPU.ActiveCfg = Release|Any CPU
		{0AE65045-9E8D-419D-8909-80A5E217883A}.Release|Any CPU.Build.0 = Release|Any CPU
		{BE0BA2E1-8FDB-412E-AEFD-41D1B93519A3}.Debug|Any CPU.ActiveCfg = Debug|Any CPU
		{BE0BA2E1-8FDB-412E-AEFD-41D1B93519A3}.Debug|Any CPU.Build.0 = Debug|Any CPU
		{BE0BA2E1-8FDB-412E-AEFD-41D1B93519A3}.Release|Any CPU.ActiveCfg = Release|Any CPU
		{BE0BA2E1-8FDB-412E-AEFD-41D1B93519A3}.Release|Any CPU.Build.0 = Release|Any CPU
		{7CFB6FC7-EB8C-4AE5-A8CC-284A97842732}.Debug|Any CPU.ActiveCfg = Debug|Any CPU
		{7CFB6FC7-EB8C-4AE5-A8CC-284A97842732}.Debug|Any CPU.Build.0 = Debug|Any CPU
		{7CFB6FC7-EB8C-4AE5-A8CC-284A97842732}.Release|Any CPU.ActiveCfg = Release|Any CPU
		{7CFB6FC7-EB8C-4AE5-A8CC-284A97842732}.Release|Any CPU.Build.0 = Release|Any CPU
		{B38152A3-3505-4115-AB66-AE020C53D6C8}.Debug|Any CPU.ActiveCfg = Debug|Any CPU
		{B38152A3-3505-4115-AB66-AE020C53D6C8}.Debug|Any CPU.Build.0 = Debug|Any CPU
		{B38152A3-3505-4115-AB66-AE020C53D6C8}.Release|Any CPU.ActiveCfg = Release|Any CPU
		{B38152A3-3505-4115-AB66-AE020C53D6C8}.Release|Any CPU.Build.0 = Release|Any CPU
		{A99D8D8D-0625-4081-A30B-3594F5FD6BB0}.Debug|Any CPU.ActiveCfg = Debug|Any CPU
		{A99D8D8D-0625-4081-A30B-3594F5FD6BB0}.Debug|Any CPU.Build.0 = Debug|Any CPU
		{A99D8D8D-0625-4081-A30B-3594F5FD6BB0}.Release|Any CPU.ActiveCfg = Release|Any CPU
		{A99D8D8D-0625-4081-A30B-3594F5FD6BB0}.Release|Any CPU.Build.0 = Release|Any CPU
		{9F0179A1-D52F-4EC9-A938-D8DEC22BED2B}.Debug|Any CPU.ActiveCfg = Debug|Any CPU
		{9F0179A1-D52F-4EC9-A938-D8DEC22BED2B}.Debug|Any CPU.Build.0 = Debug|Any CPU
		{9F0179A1-D52F-4EC9-A938-D8DEC22BED2B}.Release|Any CPU.ActiveCfg = Release|Any CPU
		{9F0179A1-D52F-4EC9-A938-D8DEC22BED2B}.Release|Any CPU.Build.0 = Release|Any CPU
		{1A9A2BE2-854F-4EFD-AF79-9DA6CF0F6464}.Debug|Any CPU.ActiveCfg = Debug|Any CPU
		{1A9A2BE2-854F-4EFD-AF79-9DA6CF0F6464}.Debug|Any CPU.Build.0 = Debug|Any CPU
		{1A9A2BE2-854F-4EFD-AF79-9DA6CF0F6464}.Release|Any CPU.ActiveCfg = Release|Any CPU
		{1A9A2BE2-854F-4EFD-AF79-9DA6CF0F6464}.Release|Any CPU.Build.0 = Release|Any CPU
		{FD76A11F-C315-4114-B835-6B96F89D360F}.Debug|Any CPU.ActiveCfg = Debug|Any CPU
		{FD76A11F-C315-4114-B835-6B96F89D360F}.Debug|Any CPU.Build.0 = Debug|Any CPU
		{FD76A11F-C315-4114-B835-6B96F89D360F}.Release|Any CPU.ActiveCfg = Release|Any CPU
		{FD76A11F-C315-4114-B835-6B96F89D360F}.Release|Any CPU.Build.0 = Release|Any CPU
		{29F91181-CCC2-4FCD-B693-4E2BF3A0724D}.Debug|Any CPU.ActiveCfg = Debug|Any CPU
		{29F91181-CCC2-4FCD-B693-4E2BF3A0724D}.Debug|Any CPU.Build.0 = Debug|Any CPU
		{29F91181-CCC2-4FCD-B693-4E2BF3A0724D}.Release|Any CPU.ActiveCfg = Release|Any CPU
		{29F91181-CCC2-4FCD-B693-4E2BF3A0724D}.Release|Any CPU.Build.0 = Release|Any CPU
		{B510A560-6D68-4525-A384-0067F3CC8557}.Debug|Any CPU.ActiveCfg = Debug|Any CPU
		{B510A560-6D68-4525-A384-0067F3CC8557}.Debug|Any CPU.Build.0 = Debug|Any CPU
		{B510A560-6D68-4525-A384-0067F3CC8557}.Release|Any CPU.ActiveCfg = Release|Any CPU
		{B510A560-6D68-4525-A384-0067F3CC8557}.Release|Any CPU.Build.0 = Release|Any CPU
		{AB49D8D9-9C4D-4E74-9E6C-3C8FD19953B2}.Debug|Any CPU.ActiveCfg = Debug|Any CPU
		{AB49D8D9-9C4D-4E74-9E6C-3C8FD19953B2}.Debug|Any CPU.Build.0 = Debug|Any CPU
		{AB49D8D9-9C4D-4E74-9E6C-3C8FD19953B2}.Release|Any CPU.ActiveCfg = Release|Any CPU
		{AB49D8D9-9C4D-4E74-9E6C-3C8FD19953B2}.Release|Any CPU.Build.0 = Release|Any CPU
		{CD0413DA-0ADC-4BF3-9C4E-1540B6E03EBA}.Debug|Any CPU.ActiveCfg = Debug|Any CPU
		{CD0413DA-0ADC-4BF3-9C4E-1540B6E03EBA}.Debug|Any CPU.Build.0 = Debug|Any CPU
		{CD0413DA-0ADC-4BF3-9C4E-1540B6E03EBA}.Release|Any CPU.ActiveCfg = Release|Any CPU
		{CD0413DA-0ADC-4BF3-9C4E-1540B6E03EBA}.Release|Any CPU.Build.0 = Release|Any CPU
		{57E5FBC6-6F47-4595-A1BE-A40DDAA09FA1}.Debug|Any CPU.ActiveCfg = Debug|Any CPU
		{57E5FBC6-6F47-4595-A1BE-A40DDAA09FA1}.Debug|Any CPU.Build.0 = Debug|Any CPU
		{57E5FBC6-6F47-4595-A1BE-A40DDAA09FA1}.Release|Any CPU.ActiveCfg = Release|Any CPU
		{57E5FBC6-6F47-4595-A1BE-A40DDAA09FA1}.Release|Any CPU.Build.0 = Release|Any CPU
		{ED99379E-3C90-48DB-AAE8-9996466E0106}.Debug|Any CPU.ActiveCfg = Debug|Any CPU
		{ED99379E-3C90-48DB-AAE8-9996466E0106}.Debug|Any CPU.Build.0 = Debug|Any CPU
		{ED99379E-3C90-48DB-AAE8-9996466E0106}.Release|Any CPU.ActiveCfg = Release|Any CPU
		{ED99379E-3C90-48DB-AAE8-9996466E0106}.Release|Any CPU.Build.0 = Release|Any CPU
		{B44164A2-6D45-4F58-9EA4-405DA7644009}.Debug|Any CPU.ActiveCfg = Debug|Any CPU
		{B44164A2-6D45-4F58-9EA4-405DA7644009}.Debug|Any CPU.Build.0 = Debug|Any CPU
		{B44164A2-6D45-4F58-9EA4-405DA7644009}.Release|Any CPU.ActiveCfg = Release|Any CPU
		{B44164A2-6D45-4F58-9EA4-405DA7644009}.Release|Any CPU.Build.0 = Release|Any CPU
		{8E018AB1-D233-4FE8-ACFB-8BE34DB1531C}.Debug|Any CPU.ActiveCfg = Debug|Any CPU
		{8E018AB1-D233-4FE8-ACFB-8BE34DB1531C}.Debug|Any CPU.Build.0 = Debug|Any CPU
		{8E018AB1-D233-4FE8-ACFB-8BE34DB1531C}.Release|Any CPU.ActiveCfg = Release|Any CPU
		{8E018AB1-D233-4FE8-ACFB-8BE34DB1531C}.Release|Any CPU.Build.0 = Release|Any CPU
		{AE4EBD07-5658-402B-82A6-3CD57DD2BEE8}.Debug|Any CPU.ActiveCfg = Debug|Any CPU
		{AE4EBD07-5658-402B-82A6-3CD57DD2BEE8}.Debug|Any CPU.Build.0 = Debug|Any CPU
		{AE4EBD07-5658-402B-82A6-3CD57DD2BEE8}.Release|Any CPU.ActiveCfg = Release|Any CPU
		{AE4EBD07-5658-402B-82A6-3CD57DD2BEE8}.Release|Any CPU.Build.0 = Release|Any CPU
		{6B08B472-5C34-4C28-93DE-E2E68DD01EBD}.Debug|Any CPU.ActiveCfg = Debug|Any CPU
		{6B08B472-5C34-4C28-93DE-E2E68DD01EBD}.Debug|Any CPU.Build.0 = Debug|Any CPU
		{6B08B472-5C34-4C28-93DE-E2E68DD01EBD}.Release|Any CPU.ActiveCfg = Release|Any CPU
		{6B08B472-5C34-4C28-93DE-E2E68DD01EBD}.Release|Any CPU.Build.0 = Release|Any CPU
		{6614CC51-813B-4027-9502-4B782296C760}.Debug|Any CPU.ActiveCfg = Debug|Any CPU
		{6614CC51-813B-4027-9502-4B782296C760}.Debug|Any CPU.Build.0 = Debug|Any CPU
		{6614CC51-813B-4027-9502-4B782296C760}.Release|Any CPU.ActiveCfg = Release|Any CPU
		{6614CC51-813B-4027-9502-4B782296C760}.Release|Any CPU.Build.0 = Release|Any CPU
		{3CFB7119-BA1A-49E1-8902-5D3F1FC31E7F}.Debug|Any CPU.ActiveCfg = Debug|Any CPU
		{3CFB7119-BA1A-49E1-8902-5D3F1FC31E7F}.Debug|Any CPU.Build.0 = Debug|Any CPU
		{3CFB7119-BA1A-49E1-8902-5D3F1FC31E7F}.Release|Any CPU.ActiveCfg = Release|Any CPU
		{3CFB7119-BA1A-49E1-8902-5D3F1FC31E7F}.Release|Any CPU.Build.0 = Release|Any CPU
		{FB500244-FFBA-4553-8F6F-A040DAEC9B98}.Debug|Any CPU.ActiveCfg = Debug|Any CPU
		{FB500244-FFBA-4553-8F6F-A040DAEC9B98}.Debug|Any CPU.Build.0 = Debug|Any CPU
		{FB500244-FFBA-4553-8F6F-A040DAEC9B98}.Release|Any CPU.ActiveCfg = Release|Any CPU
		{FB500244-FFBA-4553-8F6F-A040DAEC9B98}.Release|Any CPU.Build.0 = Release|Any CPU
		{648F1758-0270-456C-ABFB-D2EC851E76FA}.Debug|Any CPU.ActiveCfg = Debug|Any CPU
		{648F1758-0270-456C-ABFB-D2EC851E76FA}.Debug|Any CPU.Build.0 = Debug|Any CPU
		{648F1758-0270-456C-ABFB-D2EC851E76FA}.Release|Any CPU.ActiveCfg = Release|Any CPU
		{648F1758-0270-456C-ABFB-D2EC851E76FA}.Release|Any CPU.Build.0 = Release|Any CPU
		{99BF5EC9-42B6-48A1-989B-10358A94500B}.Debug|Any CPU.ActiveCfg = Debug|Any CPU
		{99BF5EC9-42B6-48A1-989B-10358A94500B}.Debug|Any CPU.Build.0 = Debug|Any CPU
		{99BF5EC9-42B6-48A1-989B-10358A94500B}.Release|Any CPU.ActiveCfg = Release|Any CPU
		{99BF5EC9-42B6-48A1-989B-10358A94500B}.Release|Any CPU.Build.0 = Release|Any CPU
		{3C453276-043E-4827-BEF0-7D0EC5053E6D}.Debug|Any CPU.ActiveCfg = Debug|Any CPU
		{3C453276-043E-4827-BEF0-7D0EC5053E6D}.Debug|Any CPU.Build.0 = Debug|Any CPU
		{3C453276-043E-4827-BEF0-7D0EC5053E6D}.Release|Any CPU.ActiveCfg = Release|Any CPU
		{3C453276-043E-4827-BEF0-7D0EC5053E6D}.Release|Any CPU.Build.0 = Release|Any CPU
		{C5EBAA1C-EE53-448B-9D4A-F960C16507F5}.Debug|Any CPU.ActiveCfg = Debug|Any CPU
		{C5EBAA1C-EE53-448B-9D4A-F960C16507F5}.Debug|Any CPU.Build.0 = Debug|Any CPU
		{C5EBAA1C-EE53-448B-9D4A-F960C16507F5}.Release|Any CPU.ActiveCfg = Release|Any CPU
		{C5EBAA1C-EE53-448B-9D4A-F960C16507F5}.Release|Any CPU.Build.0 = Release|Any CPU
		{F71D3E6A-79B3-408E-9700-04FA67D0B5ED}.Debug|Any CPU.ActiveCfg = Debug|Any CPU
		{F71D3E6A-79B3-408E-9700-04FA67D0B5ED}.Debug|Any CPU.Build.0 = Debug|Any CPU
		{F71D3E6A-79B3-408E-9700-04FA67D0B5ED}.Release|Any CPU.ActiveCfg = Release|Any CPU
		{F71D3E6A-79B3-408E-9700-04FA67D0B5ED}.Release|Any CPU.Build.0 = Release|Any CPU
		{8F658612-7806-4EDF-B09C-33E6DBC673AE}.Debug|Any CPU.ActiveCfg = Debug|Any CPU
		{8F658612-7806-4EDF-B09C-33E6DBC673AE}.Debug|Any CPU.Build.0 = Debug|Any CPU
		{8F658612-7806-4EDF-B09C-33E6DBC673AE}.Release|Any CPU.ActiveCfg = Release|Any CPU
		{8F658612-7806-4EDF-B09C-33E6DBC673AE}.Release|Any CPU.Build.0 = Release|Any CPU
		{D82F00F2-70F8-4160-9592-C6D46E570A5C}.Debug|Any CPU.ActiveCfg = Debug|Any CPU
		{D82F00F2-70F8-4160-9592-C6D46E570A5C}.Debug|Any CPU.Build.0 = Debug|Any CPU
		{D82F00F2-70F8-4160-9592-C6D46E570A5C}.Release|Any CPU.ActiveCfg = Release|Any CPU
		{D82F00F2-70F8-4160-9592-C6D46E570A5C}.Release|Any CPU.Build.0 = Release|Any CPU
		{ADB1B358-3702-4C82-AD6A-60005CD611EE}.Debug|Any CPU.ActiveCfg = Debug|Any CPU
		{ADB1B358-3702-4C82-AD6A-60005CD611EE}.Debug|Any CPU.Build.0 = Debug|Any CPU
		{ADB1B358-3702-4C82-AD6A-60005CD611EE}.Release|Any CPU.ActiveCfg = Release|Any CPU
		{ADB1B358-3702-4C82-AD6A-60005CD611EE}.Release|Any CPU.Build.0 = Release|Any CPU
		{0AC6E944-F213-40C9-97CB-D8D2F76CF832}.Debug|Any CPU.ActiveCfg = Debug|Any CPU
		{0AC6E944-F213-40C9-97CB-D8D2F76CF832}.Debug|Any CPU.Build.0 = Debug|Any CPU
		{0AC6E944-F213-40C9-97CB-D8D2F76CF832}.Release|Any CPU.ActiveCfg = Release|Any CPU
		{0AC6E944-F213-40C9-97CB-D8D2F76CF832}.Release|Any CPU.Build.0 = Release|Any CPU
		{1CCFEF99-D7B5-44FE-988A-DA116D425E7C}.Debug|Any CPU.ActiveCfg = Debug|Any CPU
		{1CCFEF99-D7B5-44FE-988A-DA116D425E7C}.Debug|Any CPU.Build.0 = Debug|Any CPU
		{1CCFEF99-D7B5-44FE-988A-DA116D425E7C}.Release|Any CPU.ActiveCfg = Release|Any CPU
		{1CCFEF99-D7B5-44FE-988A-DA116D425E7C}.Release|Any CPU.Build.0 = Release|Any CPU
		{3BAC961F-EE9C-4CEB-8A4D-EB2A13EDE0F4}.Debug|Any CPU.ActiveCfg = Debug|Any CPU
		{3BAC961F-EE9C-4CEB-8A4D-EB2A13EDE0F4}.Debug|Any CPU.Build.0 = Debug|Any CPU
		{3BAC961F-EE9C-4CEB-8A4D-EB2A13EDE0F4}.Release|Any CPU.ActiveCfg = Release|Any CPU
		{3BAC961F-EE9C-4CEB-8A4D-EB2A13EDE0F4}.Release|Any CPU.Build.0 = Release|Any CPU
		{0B829DC6-6404-4E07-8FC3-504076ACB425}.Debug|Any CPU.ActiveCfg = Debug|Any CPU
		{0B829DC6-6404-4E07-8FC3-504076ACB425}.Debug|Any CPU.Build.0 = Debug|Any CPU
		{0B829DC6-6404-4E07-8FC3-504076ACB425}.Release|Any CPU.ActiveCfg = Release|Any CPU
		{0B829DC6-6404-4E07-8FC3-504076ACB425}.Release|Any CPU.Build.0 = Release|Any CPU
	EndGlobalSection
	GlobalSection(SolutionProperties) = preSolution
		HideSolutionNode = FALSE
	EndGlobalSection
	GlobalSection(NestedProjects) = preSolution
		{C1142D64-E598-487C-98EE-7AE44EEFBAAF} = {412AF969-C7B8-4668-8828-44B38A3E4991}
		{DA53390A-4AC0-4A0D-B951-3C5C8D621B84} = {412AF969-C7B8-4668-8828-44B38A3E4991}
		{88EB1DEB-50D8-483B-89CC-0D1F5B473E58} = {412AF969-C7B8-4668-8828-44B38A3E4991}
		{A3E2BEA5-A400-4A7E-A0CC-6E73D7CF8210} = {412AF969-C7B8-4668-8828-44B38A3E4991}
		{91A151D9-064E-430A-AFCC-FAEE7483934F} = {412AF969-C7B8-4668-8828-44B38A3E4991}
		{FA32B987-1540-4356-BCD3-6F2037AB557F} = {412AF969-C7B8-4668-8828-44B38A3E4991}
		{DA3363D5-6007-40AB-A91C-ADA15845D4C2} = {412AF969-C7B8-4668-8828-44B38A3E4991}
		{32240260-C319-40FD-9F65-5638323885DE} = {412AF969-C7B8-4668-8828-44B38A3E4991}
		{278B937B-E257-4F96-9538-0FB3E4BE8FB3} = {412AF969-C7B8-4668-8828-44B38A3E4991}
		{C2CA3DBC-4B17-4C14-9365-B54D55FD4C3F} = {412AF969-C7B8-4668-8828-44B38A3E4991}
		{49BA635A-ECA3-407F-A9C3-C5A6A7C6CFBD} = {412AF969-C7B8-4668-8828-44B38A3E4991}
		{9B93C461-F2D3-4626-B473-8CBF43E03EA1} = {412AF969-C7B8-4668-8828-44B38A3E4991}
		{D041C36F-F8E4-462A-840B-899BA05A8433} = {412AF969-C7B8-4668-8828-44B38A3E4991}
		{EA722D34-D0A4-4999-980C-4090782B8F68} = {412AF969-C7B8-4668-8828-44B38A3E4991}
		{E14C2DEF-08B6-4CCC-BA0E-CF5993A0C3FB} = {412AF969-C7B8-4668-8828-44B38A3E4991}
		{CB20E035-7CCE-4D29-85FA-CCBF8A4BDDD7} = {412AF969-C7B8-4668-8828-44B38A3E4991}
		{0AE65045-9E8D-419D-8909-80A5E217883A} = {412AF969-C7B8-4668-8828-44B38A3E4991}
		{BE0BA2E1-8FDB-412E-AEFD-41D1B93519A3} = {412AF969-C7B8-4668-8828-44B38A3E4991}
		{7CFB6FC7-EB8C-4AE5-A8CC-284A97842732} = {2C65661B-7D67-4300-9766-E73EAB212839}
		{B38152A3-3505-4115-AB66-AE020C53D6C8} = {2C65661B-7D67-4300-9766-E73EAB212839}
		{A99D8D8D-0625-4081-A30B-3594F5FD6BB0} = {2C65661B-7D67-4300-9766-E73EAB212839}
		{9F0179A1-D52F-4EC9-A938-D8DEC22BED2B} = {2C65661B-7D67-4300-9766-E73EAB212839}
		{1A9A2BE2-854F-4EFD-AF79-9DA6CF0F6464} = {2C65661B-7D67-4300-9766-E73EAB212839}
		{FD76A11F-C315-4114-B835-6B96F89D360F} = {2C65661B-7D67-4300-9766-E73EAB212839}
		{29F91181-CCC2-4FCD-B693-4E2BF3A0724D} = {2C65661B-7D67-4300-9766-E73EAB212839}
		{B510A560-6D68-4525-A384-0067F3CC8557} = {2C65661B-7D67-4300-9766-E73EAB212839}
		{AB49D8D9-9C4D-4E74-9E6C-3C8FD19953B2} = {2C65661B-7D67-4300-9766-E73EAB212839}
		{CD0413DA-0ADC-4BF3-9C4E-1540B6E03EBA} = {2C65661B-7D67-4300-9766-E73EAB212839}
		{57E5FBC6-6F47-4595-A1BE-A40DDAA09FA1} = {2C65661B-7D67-4300-9766-E73EAB212839}
		{ED99379E-3C90-48DB-AAE8-9996466E0106} = {2C65661B-7D67-4300-9766-E73EAB212839}
		{B44164A2-6D45-4F58-9EA4-405DA7644009} = {2C65661B-7D67-4300-9766-E73EAB212839}
		{8E018AB1-D233-4FE8-ACFB-8BE34DB1531C} = {2C65661B-7D67-4300-9766-E73EAB212839}
		{AE4EBD07-5658-402B-82A6-3CD57DD2BEE8} = {C43177A2-3EA0-4DFA-ADB5-AFDCD6B65130}
		{6B08B472-5C34-4C28-93DE-E2E68DD01EBD} = {C43177A2-3EA0-4DFA-ADB5-AFDCD6B65130}
		{6614CC51-813B-4027-9502-4B782296C760} = {C43177A2-3EA0-4DFA-ADB5-AFDCD6B65130}
		{3CFB7119-BA1A-49E1-8902-5D3F1FC31E7F} = {C43177A2-3EA0-4DFA-ADB5-AFDCD6B65130}
		{FB500244-FFBA-4553-8F6F-A040DAEC9B98} = {C43177A2-3EA0-4DFA-ADB5-AFDCD6B65130}
		{ADB1B358-3702-4C82-AD6A-60005CD611EE} = {0A377E3C-48A8-4734-92F8-FEDB86FC1D8D}
		{0AC6E944-F213-40C9-97CB-D8D2F76CF832} = {0A377E3C-48A8-4734-92F8-FEDB86FC1D8D}
		{1CCFEF99-D7B5-44FE-988A-DA116D425E7C} = {0A377E3C-48A8-4734-92F8-FEDB86FC1D8D}
		{3BAC961F-EE9C-4CEB-8A4D-EB2A13EDE0F4} = {0A377E3C-48A8-4734-92F8-FEDB86FC1D8D}
		{0B829DC6-6404-4E07-8FC3-504076ACB425} = {0A377E3C-48A8-4734-92F8-FEDB86FC1D8D}
	EndGlobalSection
	GlobalSection(ExtensibilityGlobals) = postSolution
		SolutionGuid = {A9ABF5C9-DDCD-4C07-A73D-EA1E04AFB604}
	EndGlobalSection
EndGlobal
