
Microsoft Visual Studio Solution File, Format Version 12.00
# Visual Studio Version 17
VisualStudioVersion = 17.0.31912.275
MinimumVisualStudioVersion = 10.0.40219.1
Project("{9A19103F-16F7-4668-BE54-9A1E7A4F7556}") = "AOC2020", "2020\AOC2020.csproj", "{2008FC93-54FB-47F0-8D49-467EC6BC3FA2}"
EndProject
Project("{9A19103F-16F7-4668-BE54-9A1E7A4F7556}") = "AOCTest", "AOCTest\AOCTest.csproj", "{1B780266-90A2-489B-9834-E2118A04F53A}"
EndProject
Project("{9A19103F-16F7-4668-BE54-9A1E7A4F7556}") = "2015", "2015\2015.csproj", "{A7A4537E-36C1-4EFB-9D49-100AF54BA6CD}"
EndProject
Project("{FAE04EC0-301F-11D3-BF4B-00C04F79EFBC}") = "Visualizations", "Visualizations\Visualizations.csproj", "{5E736F81-4E1A-4734-B87C-DF9B522DD804}"
EndProject
Project("{FAE04EC0-301F-11D3-BF4B-00C04F79EFBC}") = "AOC2021", "AOC.2021\AOC2021.csproj", "{AF25D6F6-ADA6-458B-B75E-F145DB466CD7}"
EndProject
Project("{FAE04EC0-301F-11D3-BF4B-00C04F79EFBC}") = "AOC2021.Test", "AOC.2021.Test\AOC2021.Test.csproj", "{3ECC9D2B-AAAB-48AB-9975-88F645EFAA3B}"
EndProject
Project("{2150E333-8FDC-42A3-9474-1A3956D46DE8}") = "Solution Items", "Solution Items", "{D9032CFE-FCD6-46B6-A003-BE56960513F8}"
	ProjectSection(SolutionItems) = preProject
		README.md = README.md
	EndProjectSection
EndProject
Global
	GlobalSection(SolutionConfigurationPlatforms) = preSolution
		Debug|Any CPU = Debug|Any CPU
		Release|Any CPU = Release|Any CPU
	EndGlobalSection
	GlobalSection(ProjectConfigurationPlatforms) = postSolution
		{2008FC93-54FB-47F0-8D49-467EC6BC3FA2}.Debug|Any CPU.ActiveCfg = Debug|Any CPU
		{2008FC93-54FB-47F0-8D49-467EC6BC3FA2}.Debug|Any CPU.Build.0 = Debug|Any CPU
		{2008FC93-54FB-47F0-8D49-467EC6BC3FA2}.Release|Any CPU.ActiveCfg = Release|Any CPU
		{2008FC93-54FB-47F0-8D49-467EC6BC3FA2}.Release|Any CPU.Build.0 = Release|Any CPU
		{1B780266-90A2-489B-9834-E2118A04F53A}.Debug|Any CPU.ActiveCfg = Debug|Any CPU
		{1B780266-90A2-489B-9834-E2118A04F53A}.Debug|Any CPU.Build.0 = Debug|Any CPU
		{1B780266-90A2-489B-9834-E2118A04F53A}.Release|Any CPU.ActiveCfg = Release|Any CPU
		{1B780266-90A2-489B-9834-E2118A04F53A}.Release|Any CPU.Build.0 = Release|Any CPU
		{A7A4537E-36C1-4EFB-9D49-100AF54BA6CD}.Debug|Any CPU.ActiveCfg = Debug|Any CPU
		{A7A4537E-36C1-4EFB-9D49-100AF54BA6CD}.Debug|Any CPU.Build.0 = Debug|Any CPU
		{A7A4537E-36C1-4EFB-9D49-100AF54BA6CD}.Release|Any CPU.ActiveCfg = Release|Any CPU
		{A7A4537E-36C1-4EFB-9D49-100AF54BA6CD}.Release|Any CPU.Build.0 = Release|Any CPU
		{5E736F81-4E1A-4734-B87C-DF9B522DD804}.Debug|Any CPU.ActiveCfg = Debug|Any CPU
		{5E736F81-4E1A-4734-B87C-DF9B522DD804}.Debug|Any CPU.Build.0 = Debug|Any CPU
		{5E736F81-4E1A-4734-B87C-DF9B522DD804}.Release|Any CPU.ActiveCfg = Release|Any CPU
		{5E736F81-4E1A-4734-B87C-DF9B522DD804}.Release|Any CPU.Build.0 = Release|Any CPU
		{AF25D6F6-ADA6-458B-B75E-F145DB466CD7}.Debug|Any CPU.ActiveCfg = Debug|Any CPU
		{AF25D6F6-ADA6-458B-B75E-F145DB466CD7}.Debug|Any CPU.Build.0 = Debug|Any CPU
		{AF25D6F6-ADA6-458B-B75E-F145DB466CD7}.Release|Any CPU.ActiveCfg = Release|Any CPU
		{AF25D6F6-ADA6-458B-B75E-F145DB466CD7}.Release|Any CPU.Build.0 = Release|Any CPU
		{3ECC9D2B-AAAB-48AB-9975-88F645EFAA3B}.Debug|Any CPU.ActiveCfg = Debug|Any CPU
		{3ECC9D2B-AAAB-48AB-9975-88F645EFAA3B}.Debug|Any CPU.Build.0 = Debug|Any CPU
		{3ECC9D2B-AAAB-48AB-9975-88F645EFAA3B}.Release|Any CPU.ActiveCfg = Release|Any CPU
		{3ECC9D2B-AAAB-48AB-9975-88F645EFAA3B}.Release|Any CPU.Build.0 = Release|Any CPU
	EndGlobalSection
	GlobalSection(SolutionProperties) = preSolution
		HideSolutionNode = FALSE
	EndGlobalSection
	GlobalSection(ExtensibilityGlobals) = postSolution
		SolutionGuid = {A9ABF5C9-DDCD-4C07-A73D-EA1E04AFB604}
	EndGlobalSection
EndGlobal
