
Microsoft Visual Studio Solution File, Format Version 12.00
# Visual Studio Version 17
VisualStudioVersion = 17.0.31912.275
MinimumVisualStudioVersion = 10.0.40219.1
Project("{9A19103F-16F7-4668-BE54-9A1E7A4F7556}") = "AOC2020", "2020\AOC2020.csproj", "{2008FC93-54FB-47F0-8D49-467EC6BC3FA2}"
EndProject
Project("{9A19103F-16F7-4668-BE54-9A1E7A4F7556}") = "AOCTest", "AOCTest\AOCTest.csproj", "{1B780266-90A2-489B-9834-E2118A04F53A}"
EndProject
Project("{9A19103F-16F7-4668-BE54-9A1E7A4F7556}") = "2015", "2015\2015.csproj", "{A7A4537E-36C1-4EFB-9D49-100AF54BA6CD}"
EndProject
Project("{FAE04EC0-301F-11D3-BF4B-00C04F79EFBC}") = "Visualizations", "Visualizations\Visualizations.csproj", "{5E736F81-4E1A-4734-B87C-DF9B522DD804}"
EndProject
Project("{2150E333-8FDC-42A3-9474-1A3956D46DE8}") = "Solution Items", "Solution Items", "{D9032CFE-FCD6-46B6-A003-BE56960513F8}"
	ProjectSection(SolutionItems) = preProject
		README.md = README.md
	EndProjectSection
EndProject
Project("{2150E333-8FDC-42A3-9474-1A3956D46DE8}") = "2021", "2021", "{412AF969-C7B8-4668-8828-44B38A3E4991}"
EndProject
Project("{9A19103F-16F7-4668-BE54-9A1E7A4F7556}") = "AOC2021.Test", "2021\AOC.2021.Test\AOC2021.Test.csproj", "{C1142D64-E598-487C-98EE-7AE44EEFBAAF}"
EndProject
Project("{9A19103F-16F7-4668-BE54-9A1E7A4F7556}") = "ChristmasGifts", "ChristmasGifts\ChristmasGifts.csproj", "{8F44B3D7-336B-403A-96E5-7E1488614AAE}"
EndProject
Project("{9A19103F-16F7-4668-BE54-9A1E7A4F7556}") = "Day02", "2021\Day02\Day02.csproj", "{DA53390A-4AC0-4A0D-B951-3C5C8D621B84}"
EndProject
Project("{9A19103F-16F7-4668-BE54-9A1E7A4F7556}") = "Day01", "2021\Day01\Day01.csproj", "{88EB1DEB-50D8-483B-89CC-0D1F5B473E58}"
EndProject
Project("{9A19103F-16F7-4668-BE54-9A1E7A4F7556}") = "Day03", "2021\Day03\Day03.csproj", "{A3E2BEA5-A400-4A7E-A0CC-6E73D7CF8210}"
EndProject
Project("{9A19103F-16F7-4668-BE54-9A1E7A4F7556}") = "Day04", "2021\Day04\Day04.csproj", "{91A151D9-064E-430A-AFCC-FAEE7483934F}"
EndProject
Project("{9A19103F-16F7-4668-BE54-9A1E7A4F7556}") = "Day05", "2021\Day05\Day05.csproj", "{FA32B987-1540-4356-BCD3-6F2037AB557F}"
EndProject
Project("{9A19103F-16F7-4668-BE54-9A1E7A4F7556}") = "Day06", "2021\Day06\Day06.csproj", "{DA3363D5-6007-40AB-A91C-ADA15845D4C2}"
EndProject
Project("{9A19103F-16F7-4668-BE54-9A1E7A4F7556}") = "Day07", "2021\Day07\Day07.csproj", "{32240260-C319-40FD-9F65-5638323885DE}"
EndProject
Project("{9A19103F-16F7-4668-BE54-9A1E7A4F7556}") = "Day08", "2021\Day08\Day08.csproj", "{278B937B-E257-4F96-9538-0FB3E4BE8FB3}"
EndProject
Project("{9A19103F-16F7-4668-BE54-9A1E7A4F7556}") = "Day09", "2021\Day09\Day09.csproj", "{C2CA3DBC-4B17-4C14-9365-B54D55FD4C3F}"
EndProject
Global
	GlobalSection(SolutionConfigurationPlatforms) = preSolution
		Debug|Any CPU = Debug|Any CPU
		Release|Any CPU = Release|Any CPU
	EndGlobalSection
	GlobalSection(ProjectConfigurationPlatforms) = postSolution
		{2008FC93-54FB-47F0-8D49-467EC6BC3FA2}.Debug|Any CPU.ActiveCfg = Debug|Any CPU
		{2008FC93-54FB-47F0-8D49-467EC6BC3FA2}.Debug|Any CPU.Build.0 = Debug|Any CPU
		{2008FC93-54FB-47F0-8D49-467EC6BC3FA2}.Release|Any CPU.ActiveCfg = Release|Any CPU
		{2008FC93-54FB-47F0-8D49-467EC6BC3FA2}.Release|Any CPU.Build.0 = Release|Any CPU
		{1B780266-90A2-489B-9834-E2118A04F53A}.Debug|Any CPU.ActiveCfg = Debug|Any CPU
		{1B780266-90A2-489B-9834-E2118A04F53A}.Debug|Any CPU.Build.0 = Debug|Any CPU
		{1B780266-90A2-489B-9834-E2118A04F53A}.Release|Any CPU.ActiveCfg = Release|Any CPU
		{1B780266-90A2-489B-9834-E2118A04F53A}.Release|Any CPU.Build.0 = Release|Any CPU
		{A7A4537E-36C1-4EFB-9D49-100AF54BA6CD}.Debug|Any CPU.ActiveCfg = Debug|Any CPU
		{A7A4537E-36C1-4EFB-9D49-100AF54BA6CD}.Debug|Any CPU.Build.0 = Debug|Any CPU
		{A7A4537E-36C1-4EFB-9D49-100AF54BA6CD}.Release|Any CPU.ActiveCfg = Release|Any CPU
		{A7A4537E-36C1-4EFB-9D49-100AF54BA6CD}.Release|Any CPU.Build.0 = Release|Any CPU
		{5E736F81-4E1A-4734-B87C-DF9B522DD804}.Debug|Any CPU.ActiveCfg = Debug|Any CPU
		{5E736F81-4E1A-4734-B87C-DF9B522DD804}.Debug|Any CPU.Build.0 = Debug|Any CPU
		{5E736F81-4E1A-4734-B87C-DF9B522DD804}.Release|Any CPU.ActiveCfg = Release|Any CPU
		{5E736F81-4E1A-4734-B87C-DF9B522DD804}.Release|Any CPU.Build.0 = Release|Any CPU
		{C1142D64-E598-487C-98EE-7AE44EEFBAAF}.Debug|Any CPU.ActiveCfg = Debug|Any CPU
		{C1142D64-E598-487C-98EE-7AE44EEFBAAF}.Debug|Any CPU.Build.0 = Debug|Any CPU
		{C1142D64-E598-487C-98EE-7AE44EEFBAAF}.Release|Any CPU.ActiveCfg = Release|Any CPU
		{C1142D64-E598-487C-98EE-7AE44EEFBAAF}.Release|Any CPU.Build.0 = Release|Any CPU
		{8F44B3D7-336B-403A-96E5-7E1488614AAE}.Debug|Any CPU.ActiveCfg = Debug|Any CPU
		{8F44B3D7-336B-403A-96E5-7E1488614AAE}.Debug|Any CPU.Build.0 = Debug|Any CPU
		{8F44B3D7-336B-403A-96E5-7E1488614AAE}.Release|Any CPU.ActiveCfg = Release|Any CPU
		{8F44B3D7-336B-403A-96E5-7E1488614AAE}.Release|Any CPU.Build.0 = Release|Any CPU
		{DA53390A-4AC0-4A0D-B951-3C5C8D621B84}.Debug|Any CPU.ActiveCfg = Debug|Any CPU
		{DA53390A-4AC0-4A0D-B951-3C5C8D621B84}.Debug|Any CPU.Build.0 = Debug|Any CPU
		{DA53390A-4AC0-4A0D-B951-3C5C8D621B84}.Release|Any CPU.ActiveCfg = Release|Any CPU
		{DA53390A-4AC0-4A0D-B951-3C5C8D621B84}.Release|Any CPU.Build.0 = Release|Any CPU
		{88EB1DEB-50D8-483B-89CC-0D1F5B473E58}.Debug|Any CPU.ActiveCfg = Debug|Any CPU
		{88EB1DEB-50D8-483B-89CC-0D1F5B473E58}.Debug|Any CPU.Build.0 = Debug|Any CPU
		{88EB1DEB-50D8-483B-89CC-0D1F5B473E58}.Release|Any CPU.ActiveCfg = Release|Any CPU
		{88EB1DEB-50D8-483B-89CC-0D1F5B473E58}.Release|Any CPU.Build.0 = Release|Any CPU
		{A3E2BEA5-A400-4A7E-A0CC-6E73D7CF8210}.Debug|Any CPU.ActiveCfg = Debug|Any CPU
		{A3E2BEA5-A400-4A7E-A0CC-6E73D7CF8210}.Debug|Any CPU.Build.0 = Debug|Any CPU
		{A3E2BEA5-A400-4A7E-A0CC-6E73D7CF8210}.Release|Any CPU.ActiveCfg = Release|Any CPU
		{A3E2BEA5-A400-4A7E-A0CC-6E73D7CF8210}.Release|Any CPU.Build.0 = Release|Any CPU
		{91A151D9-064E-430A-AFCC-FAEE7483934F}.Debug|Any CPU.ActiveCfg = Debug|Any CPU
		{91A151D9-064E-430A-AFCC-FAEE7483934F}.Debug|Any CPU.Build.0 = Debug|Any CPU
		{91A151D9-064E-430A-AFCC-FAEE7483934F}.Release|Any CPU.ActiveCfg = Release|Any CPU
		{91A151D9-064E-430A-AFCC-FAEE7483934F}.Release|Any CPU.Build.0 = Release|Any CPU
		{FA32B987-1540-4356-BCD3-6F2037AB557F}.Debug|Any CPU.ActiveCfg = Debug|Any CPU
		{FA32B987-1540-4356-BCD3-6F2037AB557F}.Debug|Any CPU.Build.0 = Debug|Any CPU
		{FA32B987-1540-4356-BCD3-6F2037AB557F}.Release|Any CPU.ActiveCfg = Release|Any CPU
		{FA32B987-1540-4356-BCD3-6F2037AB557F}.Release|Any CPU.Build.0 = Release|Any CPU
		{DA3363D5-6007-40AB-A91C-ADA15845D4C2}.Debug|Any CPU.ActiveCfg = Debug|Any CPU
		{DA3363D5-6007-40AB-A91C-ADA15845D4C2}.Debug|Any CPU.Build.0 = Debug|Any CPU
		{DA3363D5-6007-40AB-A91C-ADA15845D4C2}.Release|Any CPU.ActiveCfg = Release|Any CPU
		{DA3363D5-6007-40AB-A91C-ADA15845D4C2}.Release|Any CPU.Build.0 = Release|Any CPU
		{32240260-C319-40FD-9F65-5638323885DE}.Debug|Any CPU.ActiveCfg = Debug|Any CPU
		{32240260-C319-40FD-9F65-5638323885DE}.Debug|Any CPU.Build.0 = Debug|Any CPU
		{32240260-C319-40FD-9F65-5638323885DE}.Release|Any CPU.ActiveCfg = Release|Any CPU
		{32240260-C319-40FD-9F65-5638323885DE}.Release|Any CPU.Build.0 = Release|Any CPU
		{278B937B-E257-4F96-9538-0FB3E4BE8FB3}.Debug|Any CPU.ActiveCfg = Debug|Any CPU
		{278B937B-E257-4F96-9538-0FB3E4BE8FB3}.Debug|Any CPU.Build.0 = Debug|Any CPU
		{278B937B-E257-4F96-9538-0FB3E4BE8FB3}.Release|Any CPU.ActiveCfg = Release|Any CPU
		{278B937B-E257-4F96-9538-0FB3E4BE8FB3}.Release|Any CPU.Build.0 = Release|Any CPU
		{C2CA3DBC-4B17-4C14-9365-B54D55FD4C3F}.Debug|Any CPU.ActiveCfg = Debug|Any CPU
		{C2CA3DBC-4B17-4C14-9365-B54D55FD4C3F}.Debug|Any CPU.Build.0 = Debug|Any CPU
		{C2CA3DBC-4B17-4C14-9365-B54D55FD4C3F}.Release|Any CPU.ActiveCfg = Release|Any CPU
		{C2CA3DBC-4B17-4C14-9365-B54D55FD4C3F}.Release|Any CPU.Build.0 = Release|Any CPU
	EndGlobalSection
	GlobalSection(SolutionProperties) = preSolution
		HideSolutionNode = FALSE
	EndGlobalSection
	GlobalSection(NestedProjects) = preSolution
		{C1142D64-E598-487C-98EE-7AE44EEFBAAF} = {412AF969-C7B8-4668-8828-44B38A3E4991}
		{DA53390A-4AC0-4A0D-B951-3C5C8D621B84} = {412AF969-C7B8-4668-8828-44B38A3E4991}
		{88EB1DEB-50D8-483B-89CC-0D1F5B473E58} = {412AF969-C7B8-4668-8828-44B38A3E4991}
		{A3E2BEA5-A400-4A7E-A0CC-6E73D7CF8210} = {412AF969-C7B8-4668-8828-44B38A3E4991}
		{91A151D9-064E-430A-AFCC-FAEE7483934F} = {412AF969-C7B8-4668-8828-44B38A3E4991}
		{32240260-C319-40FD-9F65-5638323885DE} = {412AF969-C7B8-4668-8828-44B38A3E4991}
		{278B937B-E257-4F96-9538-0FB3E4BE8FB3} = {412AF969-C7B8-4668-8828-44B38A3E4991}
		{C2CA3DBC-4B17-4C14-9365-B54D55FD4C3F} = {412AF969-C7B8-4668-8828-44B38A3E4991}
	EndGlobalSection
	GlobalSection(ExtensibilityGlobals) = postSolution
		SolutionGuid = {A9ABF5C9-DDCD-4C07-A73D-EA1E04AFB604}
	EndGlobalSection
EndGlobal
